// !$*UTF8*$!
{
	archiveVersion = 1;
	classes = {
	};
	objectVersion = 56;
	objects = {

/* Begin PBXBuildFile section */
		C640A8EC2ACF840E002AA5B1 /* MeliApp.swift in Sources */ = {isa = PBXBuildFile; fileRef = C640A8EB2ACF840E002AA5B1 /* MeliApp.swift */; };
		C640A8EE2ACF840E002AA5B1 /* ContentView.swift in Sources */ = {isa = PBXBuildFile; fileRef = C640A8ED2ACF840E002AA5B1 /* ContentView.swift */; };
		C640A8F02ACF840F002AA5B1 /* Assets.xcassets in Resources */ = {isa = PBXBuildFile; fileRef = C640A8EF2ACF840F002AA5B1 /* Assets.xcassets */; };
		C640A8F32ACF840F002AA5B1 /* Preview Assets.xcassets in Resources */ = {isa = PBXBuildFile; fileRef = C640A8F22ACF840F002AA5B1 /* Preview Assets.xcassets */; };
		C640A8FD2ACF840F002AA5B1 /* MeliTests.swift in Sources */ = {isa = PBXBuildFile; fileRef = C640A8FC2ACF840F002AA5B1 /* MeliTests.swift */; };
		C640A9072ACF840F002AA5B1 /* MeliUITests.swift in Sources */ = {isa = PBXBuildFile; fileRef = C640A9062ACF840F002AA5B1 /* MeliUITests.swift */; };
		C640A9092ACF840F002AA5B1 /* MeliUITestsLaunchTests.swift in Sources */ = {isa = PBXBuildFile; fileRef = C640A9082ACF840F002AA5B1 /* MeliUITestsLaunchTests.swift */; };
/* End PBXBuildFile section */

/* Begin PBXContainerItemProxy section */
		C640A8F92ACF840F002AA5B1 /* PBXContainerItemProxy */ = {
			isa = PBXContainerItemProxy;
			containerPortal = C640A8E02ACF840E002AA5B1 /* Project object */;
			proxyType = 1;
			remoteGlobalIDString = C640A8E72ACF840E002AA5B1;
			remoteInfo = Meli;
		};
		C640A9032ACF840F002AA5B1 /* PBXContainerItemProxy */ = {
			isa = PBXContainerItemProxy;
			containerPortal = C640A8E02ACF840E002AA5B1 /* Project object */;
			proxyType = 1;
			remoteGlobalIDString = C640A8E72ACF840E002AA5B1;
			remoteInfo = Meli;
		};
/* End PBXContainerItemProxy section */

/* Begin PBXFileReference section */
		C640A8E82ACF840E002AA5B1 /* Meli.app */ = {isa = PBXFileReference; explicitFileType = wrapper.application; includeInIndex = 0; path = Meli.app; sourceTree = BUILT_PRODUCTS_DIR; };
		C640A8EB2ACF840E002AA5B1 /* MeliApp.swift */ = {isa = PBXFileReference; lastKnownFileType = sourcecode.swift; path = MeliApp.swift; sourceTree = "<group>"; };
		C640A8ED2ACF840E002AA5B1 /* ContentView.swift */ = {isa = PBXFileReference; lastKnownFileType = sourcecode.swift; path = ContentView.swift; sourceTree = "<group>"; };
		C640A8EF2ACF840F002AA5B1 /* Assets.xcassets */ = {isa = PBXFileReference; lastKnownFileType = folder.assetcatalog; path = Assets.xcassets; sourceTree = "<group>"; };
		C640A8F22ACF840F002AA5B1 /* Preview Assets.xcassets */ = {isa = PBXFileReference; lastKnownFileType = folder.assetcatalog; path = "Preview Assets.xcassets"; sourceTree = "<group>"; };
		C640A8F82ACF840F002AA5B1 /* MeliTests.xctest */ = {isa = PBXFileReference; explicitFileType = wrapper.cfbundle; includeInIndex = 0; path = MeliTests.xctest; sourceTree = BUILT_PRODUCTS_DIR; };
		C640A8FC2ACF840F002AA5B1 /* MeliTests.swift */ = {isa = PBXFileReference; lastKnownFileType = sourcecode.swift; path = MeliTests.swift; sourceTree = "<group>"; };
		C640A9022ACF840F002AA5B1 /* MeliUITests.xctest */ = {isa = PBXFileReference; explicitFileType = wrapper.cfbundle; includeInIndex = 0; path = MeliUITests.xctest; sourceTree = BUILT_PRODUCTS_DIR; };
		C640A9062ACF840F002AA5B1 /* MeliUITests.swift */ = {isa = PBXFileReference; lastKnownFileType = sourcecode.swift; path = MeliUITests.swift; sourceTree = "<group>"; };
		C640A9082ACF840F002AA5B1 /* MeliUITestsLaunchTests.swift */ = {isa = PBXFileReference; lastKnownFileType = sourcecode.swift; path = MeliUITestsLaunchTests.swift; sourceTree = "<group>"; };
/* End PBXFileReference section */

/* Begin PBXFrameworksBuildPhase section */
		C640A8E52ACF840E002AA5B1 /* Frameworks */ = {
			isa = PBXFrameworksBuildPhase;
			buildActionMask = 2147483647;
			files = (
			);
			runOnlyForDeploymentPostprocessing = 0;
		};
		C640A8F52ACF840F002AA5B1 /* Frameworks */ = {
			isa = PBXFrameworksBuildPhase;
			buildActionMask = 2147483647;
			files = (
			);
			runOnlyForDeploymentPostprocessing = 0;
		};
		C640A8FF2ACF840F002AA5B1 /* Frameworks */ = {
			isa = PBXFrameworksBuildPhase;
			buildActionMask = 2147483647;
			files = (
			);
			runOnlyForDeploymentPostprocessing = 0;
		};
/* End PBXFrameworksBuildPhase section */

/* Begin PBXGroup section */
		C640A8DF2ACF840E002AA5B1 = {
			isa = PBXGroup;
			children = (
				C640A8EA2ACF840E002AA5B1 /* Meli */,
				C640A8FB2ACF840F002AA5B1 /* MeliTests */,
				C640A9052ACF840F002AA5B1 /* MeliUITests */,
				C640A8E92ACF840E002AA5B1 /* Products */,
			);
			sourceTree = "<group>";
		};
		C640A8E92ACF840E002AA5B1 /* Products */ = {
			isa = PBXGroup;
			children = (
				C640A8E82ACF840E002AA5B1 /* Meli.app */,
				C640A8F82ACF840F002AA5B1 /* MeliTests.xctest */,
				C640A9022ACF840F002AA5B1 /* MeliUITests.xctest */,
			);
			name = Products;
			sourceTree = "<group>";
		};
		C640A8EA2ACF840E002AA5B1 /* Meli */ = {
			isa = PBXGroup;
			children = (
				C640A8EB2ACF840E002AA5B1 /* MeliApp.swift */,
				C640A8ED2ACF840E002AA5B1 /* ContentView.swift */,
				C640A8EF2ACF840F002AA5B1 /* Assets.xcassets */,
				C640A8F12ACF840F002AA5B1 /* Preview Content */,
			);
			path = Meli;
			sourceTree = "<group>";
		};
		C640A8F12ACF840F002AA5B1 /* Preview Content */ = {
			isa = PBXGroup;
			children = (
				C640A8F22ACF840F002AA5B1 /* Preview Assets.xcassets */,
			);
			path = "Preview Content";
			sourceTree = "<group>";
		};
		C640A8FB2ACF840F002AA5B1 /* MeliTests */ = {
			isa = PBXGroup;
			children = (
				C640A8FC2ACF840F002AA5B1 /* MeliTests.swift */,
			);
			path = MeliTests;
			sourceTree = "<group>";
		};
		C640A9052ACF840F002AA5B1 /* MeliUITests */ = {
			isa = PBXGroup;
			children = (
				C640A9062ACF840F002AA5B1 /* MeliUITests.swift */,
				C640A9082ACF840F002AA5B1 /* MeliUITestsLaunchTests.swift */,
			);
			path = MeliUITests;
			sourceTree = "<group>";
		};
/* End PBXGroup section */

/* Begin PBXNativeTarget section */
		C640A8E72ACF840E002AA5B1 /* Meli */ = {
			isa = PBXNativeTarget;
			buildConfigurationList = C640A90C2ACF840F002AA5B1 /* Build configuration list for PBXNativeTarget "Meli" */;
			buildPhases = (
				C640A8E42ACF840E002AA5B1 /* Sources */,
				C640A8E52ACF840E002AA5B1 /* Frameworks */,
				C640A8E62ACF840E002AA5B1 /* Resources */,
			);
			buildRules = (
			);
			dependencies = (
			);
			name = Meli;
			productName = Meli;
			productReference = C640A8E82ACF840E002AA5B1 /* Meli.app */;
			productType = "com.apple.product-type.application";
		};
		C640A8F72ACF840F002AA5B1 /* MeliTests */ = {
			isa = PBXNativeTarget;
			buildConfigurationList = C640A90F2ACF840F002AA5B1 /* Build configuration list for PBXNativeTarget "MeliTests" */;
			buildPhases = (
				C640A8F42ACF840F002AA5B1 /* Sources */,
				C640A8F52ACF840F002AA5B1 /* Frameworks */,
				C640A8F62ACF840F002AA5B1 /* Resources */,
			);
			buildRules = (
			);
			dependencies = (
				C640A8FA2ACF840F002AA5B1 /* PBXTargetDependency */,
			);
			name = MeliTests;
			productName = MeliTests;
			productReference = C640A8F82ACF840F002AA5B1 /* MeliTests.xctest */;
			productType = "com.apple.product-type.bundle.unit-test";
		};
		C640A9012ACF840F002AA5B1 /* MeliUITests */ = {
			isa = PBXNativeTarget;
			buildConfigurationList = C640A9122ACF840F002AA5B1 /* Build configuration list for PBXNativeTarget "MeliUITests" */;
			buildPhases = (
				C640A8FE2ACF840F002AA5B1 /* Sources */,
				C640A8FF2ACF840F002AA5B1 /* Frameworks */,
				C640A9002ACF840F002AA5B1 /* Resources */,
			);
			buildRules = (
			);
			dependencies = (
				C640A9042ACF840F002AA5B1 /* PBXTargetDependency */,
			);
			name = MeliUITests;
			productName = MeliUITests;
			productReference = C640A9022ACF840F002AA5B1 /* MeliUITests.xctest */;
			productType = "com.apple.product-type.bundle.ui-testing";
		};
/* End PBXNativeTarget section */

/* Begin PBXProject section */
		C640A8E02ACF840E002AA5B1 /* Project object */ = {
			isa = PBXProject;
			attributes = {
				BuildIndependentTargetsInParallel = 1;
				LastSwiftUpdateCheck = 1500;
				LastUpgradeCheck = 1500;
				TargetAttributes = {
					C640A8E72ACF840E002AA5B1 = {
						CreatedOnToolsVersion = 15.0;
					};
					C640A8F72ACF840F002AA5B1 = {
						CreatedOnToolsVersion = 15.0;
						TestTargetID = C640A8E72ACF840E002AA5B1;
					};
					C640A9012ACF840F002AA5B1 = {
						CreatedOnToolsVersion = 15.0;
						TestTargetID = C640A8E72ACF840E002AA5B1;
					};
				};
			};
			buildConfigurationList = C640A8E32ACF840E002AA5B1 /* Build configuration list for PBXProject "Meli" */;
			compatibilityVersion = "Xcode 14.0";
			developmentRegion = en;
			hasScannedForEncodings = 0;
			knownRegions = (
				en,
				Base,
			);
			mainGroup = C640A8DF2ACF840E002AA5B1;
			productRefGroup = C640A8E92ACF840E002AA5B1 /* Products */;
			projectDirPath = "";
			projectRoot = "";
			targets = (
				C640A8E72ACF840E002AA5B1 /* Meli */,
				C640A8F72ACF840F002AA5B1 /* MeliTests */,
				C640A9012ACF840F002AA5B1 /* MeliUITests */,
			);
		};
/* End PBXProject section */

/* Begin PBXResourcesBuildPhase section */
		C640A8E62ACF840E002AA5B1 /* Resources */ = {
			isa = PBXResourcesBuildPhase;
			buildActionMask = 2147483647;
			files = (
				C640A8F32ACF840F002AA5B1 /* Preview Assets.xcassets in Resources */,
				C640A8F02ACF840F002AA5B1 /* Assets.xcassets in Resources */,
			);
			runOnlyForDeploymentPostprocessing = 0;
		};
		C640A8F62ACF840F002AA5B1 /* Resources */ = {
			isa = PBXResourcesBuildPhase;
			buildActionMask = 2147483647;
			files = (
			);
			runOnlyForDeploymentPostprocessing = 0;
		};
		C640A9002ACF840F002AA5B1 /* Resources */ = {
			isa = PBXResourcesBuildPhase;
			buildActionMask = 2147483647;
			files = (
			);
			runOnlyForDeploymentPostprocessing = 0;
		};
/* End PBXResourcesBuildPhase section */

/* Begin PBXSourcesBuildPhase section */
		C640A8E42ACF840E002AA5B1 /* Sources */ = {
			isa = PBXSourcesBuildPhase;
			buildActionMask = 2147483647;
			files = (
				C640A8EE2ACF840E002AA5B1 /* ContentView.swift in Sources */,
				C640A8EC2ACF840E002AA5B1 /* MeliApp.swift in Sources */,
			);
			runOnlyForDeploymentPostprocessing = 0;
		};
		C640A8F42ACF840F002AA5B1 /* Sources */ = {
			isa = PBXSourcesBuildPhase;
			buildActionMask = 2147483647;
			files = (
				C640A8FD2ACF840F002AA5B1 /* MeliTests.swift in Sources */,
			);
			runOnlyForDeploymentPostprocessing = 0;
		};
		C640A8FE2ACF840F002AA5B1 /* Sources */ = {
			isa = PBXSourcesBuildPhase;
			buildActionMask = 2147483647;
			files = (
				C640A9072ACF840F002AA5B1 /* MeliUITests.swift in Sources */,
				C640A9092ACF840F002AA5B1 /* MeliUITestsLaunchTests.swift in Sources */,
			);
			runOnlyForDeploymentPostprocessing = 0;
		};
/* End PBXSourcesBuildPhase section */

/* Begin PBXTargetDependency section */
		C640A8FA2ACF840F002AA5B1 /* PBXTargetDependency */ = {
			isa = PBXTargetDependency;
			target = C640A8E72ACF840E002AA5B1 /* Meli */;
			targetProxy = C640A8F92ACF840F002AA5B1 /* PBXContainerItemProxy */;
		};
		C640A9042ACF840F002AA5B1 /* PBXTargetDependency */ = {
			isa = PBXTargetDependency;
			target = C640A8E72ACF840E002AA5B1 /* Meli */;
			targetProxy = C640A9032ACF840F002AA5B1 /* PBXContainerItemProxy */;
		};
/* End PBXTargetDependency section */

/* Begin XCBuildConfiguration section */
		C640A90A2ACF840F002AA5B1 /* Debug */ = {
			isa = XCBuildConfiguration;
			buildSettings = {
				ALWAYS_SEARCH_USER_PATHS = NO;
				ASSETCATALOG_COMPILER_GENERATE_SWIFT_ASSET_SYMBOL_EXTENSIONS = YES;
				CLANG_ANALYZER_NONNULL = YES;
				CLANG_ANALYZER_NUMBER_OBJECT_CONVERSION = YES_AGGRESSIVE;
				CLANG_CXX_LANGUAGE_STANDARD = "gnu++20";
				CLANG_ENABLE_MODULES = YES;
				CLANG_ENABLE_OBJC_ARC = YES;
				CLANG_ENABLE_OBJC_WEAK = YES;
				CLANG_WARN_BLOCK_CAPTURE_AUTORELEASING = YES;
				CLANG_WARN_BOOL_CONVERSION = YES;
				CLANG_WARN_COMMA = YES;
				CLANG_WARN_CONSTANT_CONVERSION = YES;
				CLANG_WARN_DEPRECATED_OBJC_IMPLEMENTATIONS = YES;
				CLANG_WARN_DIRECT_OBJC_ISA_USAGE = YES_ERROR;
				CLANG_WARN_DOCUMENTATION_COMMENTS = YES;
				CLANG_WARN_EMPTY_BODY = YES;
				CLANG_WARN_ENUM_CONVERSION = YES;
				CLANG_WARN_INFINITE_RECURSION = YES;
				CLANG_WARN_INT_CONVERSION = YES;
				CLANG_WARN_NON_LITERAL_NULL_CONVERSION = YES;
				CLANG_WARN_OBJC_IMPLICIT_RETAIN_SELF = YES;
				CLANG_WARN_OBJC_LITERAL_CONVERSION = YES;
				CLANG_WARN_OBJC_ROOT_CLASS = YES_ERROR;
				CLANG_WARN_QUOTED_INCLUDE_IN_FRAMEWORK_HEADER = YES;
				CLANG_WARN_RANGE_LOOP_ANALYSIS = YES;
				CLANG_WARN_STRICT_PROTOTYPES = YES;
				CLANG_WARN_SUSPICIOUS_MOVE = YES;
				CLANG_WARN_UNGUARDED_AVAILABILITY = YES_AGGRESSIVE;
				CLANG_WARN_UNREACHABLE_CODE = YES;
				CLANG_WARN__DUPLICATE_METHOD_MATCH = YES;
				COPY_PHASE_STRIP = NO;
				DEBUG_INFORMATION_FORMAT = dwarf;
				ENABLE_STRICT_OBJC_MSGSEND = YES;
				ENABLE_TESTABILITY = YES;
				ENABLE_USER_SCRIPT_SANDBOXING = YES;
				GCC_C_LANGUAGE_STANDARD = gnu17;
				GCC_DYNAMIC_NO_PIC = NO;
				GCC_NO_COMMON_BLOCKS = YES;
				GCC_OPTIMIZATION_LEVEL = 0;
				GCC_PREPROCESSOR_DEFINITIONS = (
					"DEBUG=1",
					"$(inherited)",
				);
				GCC_WARN_64_TO_32_BIT_CONVERSION = YES;
				GCC_WARN_ABOUT_RETURN_TYPE = YES_ERROR;
				GCC_WARN_UNDECLARED_SELECTOR = YES;
				GCC_WARN_UNINITIALIZED_AUTOS = YES_AGGRESSIVE;
				GCC_WARN_UNUSED_FUNCTION = YES;
				GCC_WARN_UNUSED_VARIABLE = YES;
				IPHONEOS_DEPLOYMENT_TARGET = 17.0;
				LOCALIZATION_PREFERS_STRING_CATALOGS = YES;
				MTL_ENABLE_DEBUG_INFO = INCLUDE_SOURCE;
				MTL_FAST_MATH = YES;
				ONLY_ACTIVE_ARCH = YES;
				SDKROOT = iphoneos;
				SWIFT_ACTIVE_COMPILATION_CONDITIONS = "DEBUG $(inherited)";
				SWIFT_OPTIMIZATION_LEVEL = "-Onone";
			};
			name = Debug;
		};
		C640A90B2ACF840F002AA5B1 /* Release */ = {
			isa = XCBuildConfiguration;
			buildSettings = {
				ALWAYS_SEARCH_USER_PATHS = NO;
				ASSETCATALOG_COMPILER_GENERATE_SWIFT_ASSET_SYMBOL_EXTENSIONS = YES;
				CLANG_ANALYZER_NONNULL = YES;
				CLANG_ANALYZER_NUMBER_OBJECT_CONVERSION = YES_AGGRESSIVE;
				CLANG_CXX_LANGUAGE_STANDARD = "gnu++20";
				CLANG_ENABLE_MODULES = YES;
				CLANG_ENABLE_OBJC_ARC = YES;
				CLANG_ENABLE_OBJC_WEAK = YES;
				CLANG_WARN_BLOCK_CAPTURE_AUTORELEASING = YES;
				CLANG_WARN_BOOL_CONVERSION = YES;
				CLANG_WARN_COMMA = YES;
				CLANG_WARN_CONSTANT_CONVERSION = YES;
				CLANG_WARN_DEPRECATED_OBJC_IMPLEMENTATIONS = YES;
				CLANG_WARN_DIRECT_OBJC_ISA_USAGE = YES_ERROR;
				CLANG_WARN_DOCUMENTATION_COMMENTS = YES;
				CLANG_WARN_EMPTY_BODY = YES;
				CLANG_WARN_ENUM_CONVERSION = YES;
				CLANG_WARN_INFINITE_RECURSION = YES;
				CLANG_WARN_INT_CONVERSION = YES;
				CLANG_WARN_NON_LITERAL_NULL_CONVERSION = YES;
				CLANG_WARN_OBJC_IMPLICIT_RETAIN_SELF = YES;
				CLANG_WARN_OBJC_LITERAL_CONVERSION = YES;
				CLANG_WARN_OBJC_ROOT_CLASS = YES_ERROR;
				CLANG_WARN_QUOTED_INCLUDE_IN_FRAMEWORK_HEADER = YES;
				CLANG_WARN_RANGE_LOOP_ANALYSIS = YES;
				CLANG_WARN_STRICT_PROTOTYPES = YES;
				CLANG_WARN_SUSPICIOUS_MOVE = YES;
				CLANG_WARN_UNGUARDED_AVAILABILITY = YES_AGGRESSIVE;
				CLANG_WARN_UNREACHABLE_CODE = YES;
				CLANG_WARN__DUPLICATE_METHOD_MATCH = YES;
				COPY_PHASE_STRIP = NO;
				DEBUG_INFORMATION_FORMAT = "dwarf-with-dsym";
				ENABLE_NS_ASSERTIONS = NO;
				ENABLE_STRICT_OBJC_MSGSEND = YES;
				ENABLE_USER_SCRIPT_SANDBOXING = YES;
				GCC_C_LANGUAGE_STANDARD = gnu17;
				GCC_NO_COMMON_BLOCKS = YES;
				GCC_WARN_64_TO_32_BIT_CONVERSION = YES;
				GCC_WARN_ABOUT_RETURN_TYPE = YES_ERROR;
				GCC_WARN_UNDECLARED_SELECTOR = YES;
				GCC_WARN_UNINITIALIZED_AUTOS = YES_AGGRESSIVE;
				GCC_WARN_UNUSED_FUNCTION = YES;
				GCC_WARN_UNUSED_VARIABLE = YES;
				IPHONEOS_DEPLOYMENT_TARGET = 17.0;
				LOCALIZATION_PREFERS_STRING_CATALOGS = YES;
				MTL_ENABLE_DEBUG_INFO = NO;
				MTL_FAST_MATH = YES;
				SDKROOT = iphoneos;
				SWIFT_COMPILATION_MODE = wholemodule;
				VALIDATE_PRODUCT = YES;
			};
			name = Release;
		};
		C640A90D2ACF840F002AA5B1 /* Debug */ = {
			isa = XCBuildConfiguration;
			buildSettings = {
				ASSETCATALOG_COMPILER_APPICON_NAME = AppIcon;
				ASSETCATALOG_COMPILER_GLOBAL_ACCENT_COLOR_NAME = AccentColor;
				CODE_SIGN_STYLE = Automatic;
				CURRENT_PROJECT_VERSION = 1;
				DEVELOPMENT_ASSET_PATHS = "\"Meli/Preview Content\"";
				DEVELOPMENT_TEAM = 7G4VS94BQR;
				ENABLE_PREVIEWS = YES;
				GENERATE_INFOPLIST_FILE = YES;
				INFOPLIST_KEY_UIApplicationSceneManifest_Generation = YES;
				INFOPLIST_KEY_UIApplicationSupportsIndirectInputEvents = YES;
				INFOPLIST_KEY_UILaunchScreen_Generation = YES;
				INFOPLIST_KEY_UISupportedInterfaceOrientations_iPad = "UIInterfaceOrientationPortrait UIInterfaceOrientationPortraitUpsideDown UIInterfaceOrientationLandscapeLeft UIInterfaceOrientationLandscapeRight";
				INFOPLIST_KEY_UISupportedInterfaceOrientations_iPhone = "UIInterfaceOrientationPortrait UIInterfaceOrientationLandscapeLeft UIInterfaceOrientationLandscapeRight";
				LD_RUNPATH_SEARCH_PATHS = (
					"$(inherited)",
					"@executable_path/Frameworks",
				);
				MARKETING_VERSION = 1.0;
				PRODUCT_BUNDLE_IDENTIFIER = com.rastorga.Meli;
				PRODUCT_NAME = "$(TARGET_NAME)";
				SWIFT_EMIT_LOC_STRINGS = YES;
				SWIFT_VERSION = 5.0;
				TARGETED_DEVICE_FAMILY = "1,2";
			};
			name = Debug;
		};
		C640A90E2ACF840F002AA5B1 /* Release */ = {
			isa = XCBuildConfiguration;
			buildSettings = {
				ASSETCATALOG_COMPILER_APPICON_NAME = AppIcon;
				ASSETCATALOG_COMPILER_GLOBAL_ACCENT_COLOR_NAME = AccentColor;
				CODE_SIGN_STYLE = Automatic;
				CURRENT_PROJECT_VERSION = 1;
				DEVELOPMENT_ASSET_PATHS = "\"Meli/Preview Content\"";
				DEVELOPMENT_TEAM = 7G4VS94BQR;
				ENABLE_PREVIEWS = YES;
				GENERATE_INFOPLIST_FILE = YES;
				INFOPLIST_KEY_UIApplicationSceneManifest_Generation = YES;
				INFOPLIST_KEY_UIApplicationSupportsIndirectInputEvents = YES;
				INFOPLIST_KEY_UILaunchScreen_Generation = YES;
				INFOPLIST_KEY_UISupportedInterfaceOrientations_iPad = "UIInterfaceOrientationPortrait UIInterfaceOrientationPortraitUpsideDown UIInterfaceOrientationLandscapeLeft UIInterfaceOrientationLandscapeRight";
				INFOPLIST_KEY_UISupportedInterfaceOrientations_iPhone = "UIInterfaceOrientationPortrait UIInterfaceOrientationLandscapeLeft UIInterfaceOrientationLandscapeRight";
				LD_RUNPATH_SEARCH_PATHS = (
					"$(inherited)",
					"@executable_path/Frameworks",
				);
				MARKETING_VERSION = 1.0;
				PRODUCT_BUNDLE_IDENTIFIER = com.rastorga.Meli;
				PRODUCT_NAME = "$(TARGET_NAME)";
				SWIFT_EMIT_LOC_STRINGS = YES;
				SWIFT_VERSION = 5.0;
				TARGETED_DEVICE_FAMILY = "1,2";
			};
			name = Release;
		};
		C640A9102ACF840F002AA5B1 /* Debug */ = {
			isa = XCBuildConfiguration;
			buildSettings = {
				ALWAYS_EMBED_SWIFT_STANDARD_LIBRARIES = YES;
				BUNDLE_LOADER = "$(TEST_HOST)";
				CODE_SIGN_STYLE = Automatic;
				CURRENT_PROJECT_VERSION = 1;
				DEVELOPMENT_TEAM = 7G4VS94BQR;
				GENERATE_INFOPLIST_FILE = YES;
				IPHONEOS_DEPLOYMENT_TARGET = 17.0;
				MARKETING_VERSION = 1.0;
				PRODUCT_BUNDLE_IDENTIFIER = com.rastorga.MeliTests;
				PRODUCT_NAME = "$(TARGET_NAME)";
				SWIFT_EMIT_LOC_STRINGS = NO;
				SWIFT_VERSION = 5.0;
				TARGETED_DEVICE_FAMILY = "1,2";
				TEST_HOST = "$(BUILT_PRODUCTS_DIR)/Meli.app/$(BUNDLE_EXECUTABLE_FOLDER_PATH)/Meli";
			};
			name = Debug;
		};
		C640A9112ACF840F002AA5B1 /* Release */ = {
			isa = XCBuildConfiguration;
			buildSettings = {
				ALWAYS_EMBED_SWIFT_STANDARD_LIBRARIES = YES;
				BUNDLE_LOADER = "$(TEST_HOST)";
				CODE_SIGN_STYLE = Automatic;
				CURRENT_PROJECT_VERSION = 1;
				DEVELOPMENT_TEAM = 7G4VS94BQR;
				GENERATE_INFOPLIST_FILE = YES;
				IPHONEOS_DEPLOYMENT_TARGET = 17.0;
				MARKETING_VERSION = 1.0;
				PRODUCT_BUNDLE_IDENTIFIER = com.rastorga.MeliTests;
				PRODUCT_NAME = "$(TARGET_NAME)";
				SWIFT_EMIT_LOC_STRINGS = NO;
				SWIFT_VERSION = 5.0;
				TARGETED_DEVICE_FAMILY = "1,2";
				TEST_HOST = "$(BUILT_PRODUCTS_DIR)/Meli.app/$(BUNDLE_EXECUTABLE_FOLDER_PATH)/Meli";
			};
			name = Release;
		};
		C640A9132ACF840F002AA5B1 /* Debug */ = {
			isa = XCBuildConfiguration;
			buildSettings = {
				ALWAYS_EMBED_SWIFT_STANDARD_LIBRARIES = YES;
				CODE_SIGN_STYLE = Automatic;
				CURRENT_PROJECT_VERSION = 1;
				DEVELOPMENT_TEAM = 7G4VS94BQR;
				GENERATE_INFOPLIST_FILE = YES;
				MARKETING_VERSION = 1.0;
				PRODUCT_BUNDLE_IDENTIFIER = com.rastorga.MeliUITests;
				PRODUCT_NAME = "$(TARGET_NAME)";
				SWIFT_EMIT_LOC_STRINGS = NO;
				SWIFT_VERSION = 5.0;
				TARGETED_DEVICE_FAMILY = "1,2";
				TEST_TARGET_NAME = Meli;
			};
			name = Debug;
		};
		C640A9142ACF840F002AA5B1 /* Release */ = {
			isa = XCBuildConfiguration;
			buildSettings = {
				ALWAYS_EMBED_SWIFT_STANDARD_LIBRARIES = YES;
				CODE_SIGN_STYLE = Automatic;
				CURRENT_PROJECT_VERSION = 1;
				DEVELOPMENT_TEAM = 7G4VS94BQR;
				GENERATE_INFOPLIST_FILE = YES;
				MARKETING_VERSION = 1.0;
				PRODUCT_BUNDLE_IDENTIFIER = com.rastorga.MeliUITests;
				PRODUCT_NAME = "$(TARGET_NAME)";
				SWIFT_EMIT_LOC_STRINGS = NO;
				SWIFT_VERSION = 5.0;
				TARGETED_DEVICE_FAMILY = "1,2";
				TEST_TARGET_NAME = Meli;
			};
			name = Release;
		};
/* End XCBuildConfiguration section */

/* Begin XCConfigurationList section */
		C640A8E32ACF840E002AA5B1 /* Build configuration list for PBXProject "Meli" */ = {
			isa = XCConfigurationList;
			buildConfigurations = (
				C640A90A2ACF840F002AA5B1 /* Debug */,
				C640A90B2ACF840F002AA5B1 /* Release */,
			);
			defaultConfigurationIsVisible = 0;
			defaultConfigurationName = Release;
		};
		C640A90C2ACF840F002AA5B1 /* Build configuration list for PBXNativeTarget "Meli" */ = {
			isa = XCConfigurationList;
			buildConfigurations = (
				C640A90D2ACF840F002AA5B1 /* Debug */,
				C640A90E2ACF840F002AA5B1 /* Release */,
			);
			defaultConfigurationIsVisible = 0;
			defaultConfigurationName = Release;
		};
		C640A90F2ACF840F002AA5B1 /* Build configuration list for PBXNativeTarget "MeliTests" */ = {
			isa = XCConfigurationList;
			buildConfigurations = (
				C640A9102ACF840F002AA5B1 /* Debug */,
				C640A9112ACF840F002AA5B1 /* Release */,
			);
			defaultConfigurationIsVisible = 0;
			defaultConfigurationName = Release;
		};
		C640A9122ACF840F002AA5B1 /* Build configuration list for PBXNativeTarget "MeliUITests" */ = {
			isa = XCConfigurationList;
			buildConfigurations = (
				C640A9132ACF840F002AA5B1 /* Debug */,
				C640A9142ACF840F002AA5B1 /* Release */,
			);
			defaultConfigurationIsVisible = 0;
			defaultConfigurationName = Release;
		};
/* End XCConfigurationList section */
	};
	rootObject = C640A8E02ACF840E002AA5B1 /* Project object */;
}
