// !$*UTF8*$!
{
	archiveVersion = 1;
	classes = {
	};
	objectVersion = 56;
	objects = {

/* Begin PBXBuildFile section */
		C640A8EC2ACF840E002AA5B1 /* MeliApp.swift in Sources */ = {isa = PBXBuildFile; fileRef = C640A8EB2ACF840E002AA5B1 /* MeliApp.swift */; };
		C640A8F02ACF840F002AA5B1 /* Assets.xcassets in Resources */ = {isa = PBXBuildFile; fileRef = C640A8EF2ACF840F002AA5B1 /* Assets.xcassets */; };
		C640A8F32ACF840F002AA5B1 /* Preview Assets.xcassets in Resources */ = {isa = PBXBuildFile; fileRef = C640A8F22ACF840F002AA5B1 /* Preview Assets.xcassets */; };
		C640A8FD2ACF840F002AA5B1 /* MeliTests.swift in Sources */ = {isa = PBXBuildFile; fileRef = C640A8FC2ACF840F002AA5B1 /* MeliTests.swift */; };
		C640A9072ACF840F002AA5B1 /* MeliUITests.swift in Sources */ = {isa = PBXBuildFile; fileRef = C640A9062ACF840F002AA5B1 /* MeliUITests.swift */; };
		C640A9092ACF840F002AA5B1 /* MeliUITestsLaunchTests.swift in Sources */ = {isa = PBXBuildFile; fileRef = C640A9082ACF840F002AA5B1 /* MeliUITestsLaunchTests.swift */; };
		C640A91D2AD1C4A7002AA5B1 /* ProductListPageView.swift in Sources */ = {isa = PBXBuildFile; fileRef = C640A91C2AD1C4A7002AA5B1 /* ProductListPageView.swift */; };
		C640A9202AD1C6A3002AA5B1 /* ProductRemoteDTO.swift in Sources */ = {isa = PBXBuildFile; fileRef = C640A91F2AD1C6A3002AA5B1 /* ProductRemoteDTO.swift */; };
		C640A9232AD1D5E4002AA5B1 /* Product.swift in Sources */ = {isa = PBXBuildFile; fileRef = C640A9222AD1D5E4002AA5B1 /* Product.swift */; };
		C640A9252AD1D672002AA5B1 /* ProductListRow.swift in Sources */ = {isa = PBXBuildFile; fileRef = C640A9242AD1D672002AA5B1 /* ProductListRow.swift */; };
		C640A9332AD1F4D1002AA5B1 /* ProductDetailPageView.swift in Sources */ = {isa = PBXBuildFile; fileRef = C640A9322AD1F4D1002AA5B1 /* ProductDetailPageView.swift */; };
		C640A9372AD303EC002AA5B1 /* SearchProductsUseCase.swift in Sources */ = {isa = PBXBuildFile; fileRef = C640A9362AD303EC002AA5B1 /* SearchProductsUseCase.swift */; };
		C640A9392AD30444002AA5B1 /* SearchProductsRepository.swift in Sources */ = {isa = PBXBuildFile; fileRef = C640A9382AD30444002AA5B1 /* SearchProductsRepository.swift */; };
		C640A93C2AD30475002AA5B1 /* SearchProductsRepositoryRemoteImpl.swift in Sources */ = {isa = PBXBuildFile; fileRef = C640A93B2AD30475002AA5B1 /* SearchProductsRepositoryRemoteImpl.swift */; };
		C640A93F2AD338E2002AA5B1 /* SearchProductsRemoteMapper.swift in Sources */ = {isa = PBXBuildFile; fileRef = C640A93E2AD338E2002AA5B1 /* SearchProductsRemoteMapper.swift */; };
		C640A9412AD33A41002AA5B1 /* HTTPClient.swift in Sources */ = {isa = PBXBuildFile; fileRef = C640A9402AD33A41002AA5B1 /* HTTPClient.swift */; };
		C640A9442AD33A90002AA5B1 /* URLSessionHTTPClient.swift in Sources */ = {isa = PBXBuildFile; fileRef = C640A9432AD33A90002AA5B1 /* URLSessionHTTPClient.swift */; };
		C640A9472AD33FBE002AA5B1 /* ProductListServiceLocator.swift in Sources */ = {isa = PBXBuildFile; fileRef = C640A9462AD33FBE002AA5B1 /* ProductListServiceLocator.swift */; };
		C640A9492AD3402E002AA5B1 /* SearchProductsUseCaseImpl.swift in Sources */ = {isa = PBXBuildFile; fileRef = C640A9482AD3402E002AA5B1 /* SearchProductsUseCaseImpl.swift */; };
		C640A94C2AD34450002AA5B1 /* SearchProductsViewModel.swift in Sources */ = {isa = PBXBuildFile; fileRef = C640A94B2AD34450002AA5B1 /* SearchProductsViewModel.swift */; };
		C640A94E2AD34B0A002AA5B1 /* ProductListSearchResultRemoteDTO.swift in Sources */ = {isa = PBXBuildFile; fileRef = C640A94D2AD34B0A002AA5B1 /* ProductListSearchResultRemoteDTO.swift */; };
		C640A9582AD36B0E002AA5B1 /* Font+extension.swift in Sources */ = {isa = PBXBuildFile; fileRef = C640A9572AD36B0E002AA5B1 /* Font+extension.swift */; };
		C640A95A2AD36B29002AA5B1 /* ProximaNovaFont.swift in Sources */ = {isa = PBXBuildFile; fileRef = C640A9592AD36B29002AA5B1 /* ProximaNovaFont.swift */; };
		C640A9662AD37F42002AA5B1 /* proximanova-regular.ttf in Resources */ = {isa = PBXBuildFile; fileRef = C640A9632AD37F42002AA5B1 /* proximanova-regular.ttf */; };
		C640A9672AD37F42002AA5B1 /* proximanova-light.ttf in Resources */ = {isa = PBXBuildFile; fileRef = C640A9642AD37F42002AA5B1 /* proximanova-light.ttf */; };
		C640A9682AD37F42002AA5B1 /* proximanova-semibold.ttf in Resources */ = {isa = PBXBuildFile; fileRef = C640A9652AD37F42002AA5B1 /* proximanova-semibold.ttf */; };
		C640A96A2AD38227002AA5B1 /* proximanovasoft-medium.otf in Resources */ = {isa = PBXBuildFile; fileRef = C640A9692AD38227002AA5B1 /* proximanovasoft-medium.otf */; };
		C640A96C2AD382F5002AA5B1 /* proximanovasoft-regular.otf in Resources */ = {isa = PBXBuildFile; fileRef = C640A96B2AD382F5002AA5B1 /* proximanovasoft-regular.otf */; };
		C640A96E2AD397D4002AA5B1 /* RootContainer.swift in Sources */ = {isa = PBXBuildFile; fileRef = C640A96D2AD397D4002AA5B1 /* RootContainer.swift */; };
		C640A9732AD3A274002AA5B1 /* ProductDetailViewModel.swift in Sources */ = {isa = PBXBuildFile; fileRef = C640A9722AD3A274002AA5B1 /* ProductDetailViewModel.swift */; };
		C640A9772AD3A2E9002AA5B1 /* GetProductDetailUseCase.swift in Sources */ = {isa = PBXBuildFile; fileRef = C640A9762AD3A2E9002AA5B1 /* GetProductDetailUseCase.swift */; };
		C640A9792AD3A32C002AA5B1 /* ProductDetailRepository.swift in Sources */ = {isa = PBXBuildFile; fileRef = C640A9782AD3A32C002AA5B1 /* ProductDetailRepository.swift */; };
		C640A97C2AD3A35B002AA5B1 /* GetProductDetailUseCaseImpl.swift in Sources */ = {isa = PBXBuildFile; fileRef = C640A97B2AD3A35B002AA5B1 /* GetProductDetailUseCaseImpl.swift */; };
		C640A97F2AD3A442002AA5B1 /* ProductDetailRepositoryRemoteImpl.swift in Sources */ = {isa = PBXBuildFile; fileRef = C640A97E2AD3A442002AA5B1 /* ProductDetailRepositoryRemoteImpl.swift */; };
		C640A9832AD3A4DC002AA5B1 /* ProductDetailRemoteDTO.swift in Sources */ = {isa = PBXBuildFile; fileRef = C640A9822AD3A4DC002AA5B1 /* ProductDetailRemoteDTO.swift */; };
		C640A9852AD3A852002AA5B1 /* ProductDetailRemoteMapper.swift in Sources */ = {isa = PBXBuildFile; fileRef = C640A9842AD3A852002AA5B1 /* ProductDetailRemoteMapper.swift */; };
		C640A9882AD3AB4D002AA5B1 /* ProductDetailServiceLocator.swift in Sources */ = {isa = PBXBuildFile; fileRef = C640A9872AD3AB4D002AA5B1 /* ProductDetailServiceLocator.swift */; };
		C699BDC92AD43CDD00A07C03 /* ProductDetailFeaturesView.swift in Sources */ = {isa = PBXBuildFile; fileRef = C699BDC82AD43CDD00A07C03 /* ProductDetailFeaturesView.swift */; };
		C699BDCB2AD4553500A07C03 /* proximanova-regular-italic.otf in Resources */ = {isa = PBXBuildFile; fileRef = C699BDCA2AD4553500A07C03 /* proximanova-regular-italic.otf */; };
		C699BDCD2AD45B5400A07C03 /* GetProductDescriptionUseCase.swift in Sources */ = {isa = PBXBuildFile; fileRef = C699BDCC2AD45B5400A07C03 /* GetProductDescriptionUseCase.swift */; };
		C699BDCF2AD45B7800A07C03 /* GetProductDescriptionUseCaseImpl.swift in Sources */ = {isa = PBXBuildFile; fileRef = C699BDCE2AD45B7800A07C03 /* GetProductDescriptionUseCaseImpl.swift */; };
		C699BDD12AD45D2700A07C03 /* ProductDetailDescriptionRemoteDTO.swift in Sources */ = {isa = PBXBuildFile; fileRef = C699BDD02AD45D2700A07C03 /* ProductDetailDescriptionRemoteDTO.swift */; };
		C699BDD32AD467AE00A07C03 /* ProductListEmptyView.swift in Sources */ = {isa = PBXBuildFile; fileRef = C699BDD22AD467AE00A07C03 /* ProductListEmptyView.swift */; };
		C699BDD52AD467C600A07C03 /* ProductListErrorView.swift in Sources */ = {isa = PBXBuildFile; fileRef = C699BDD42AD467C600A07C03 /* ProductListErrorView.swift */; };
/* End PBXBuildFile section */

/* Begin PBXContainerItemProxy section */
		C640A8F92ACF840F002AA5B1 /* PBXContainerItemProxy */ = {
			isa = PBXContainerItemProxy;
			containerPortal = C640A8E02ACF840E002AA5B1 /* Project object */;
			proxyType = 1;
			remoteGlobalIDString = C640A8E72ACF840E002AA5B1;
			remoteInfo = Meli;
		};
		C640A9032ACF840F002AA5B1 /* PBXContainerItemProxy */ = {
			isa = PBXContainerItemProxy;
			containerPortal = C640A8E02ACF840E002AA5B1 /* Project object */;
			proxyType = 1;
			remoteGlobalIDString = C640A8E72ACF840E002AA5B1;
			remoteInfo = Meli;
		};
/* End PBXContainerItemProxy section */

/* Begin PBXFileReference section */
		C640A8E82ACF840E002AA5B1 /* Meli.app */ = {isa = PBXFileReference; explicitFileType = wrapper.application; includeInIndex = 0; path = Meli.app; sourceTree = BUILT_PRODUCTS_DIR; };
		C640A8EB2ACF840E002AA5B1 /* MeliApp.swift */ = {isa = PBXFileReference; lastKnownFileType = sourcecode.swift; path = MeliApp.swift; sourceTree = "<group>"; };
		C640A8EF2ACF840F002AA5B1 /* Assets.xcassets */ = {isa = PBXFileReference; lastKnownFileType = folder.assetcatalog; path = Assets.xcassets; sourceTree = "<group>"; };
		C640A8F22ACF840F002AA5B1 /* Preview Assets.xcassets */ = {isa = PBXFileReference; lastKnownFileType = folder.assetcatalog; path = "Preview Assets.xcassets"; sourceTree = "<group>"; };
		C640A8F82ACF840F002AA5B1 /* MeliTests.xctest */ = {isa = PBXFileReference; explicitFileType = wrapper.cfbundle; includeInIndex = 0; path = MeliTests.xctest; sourceTree = BUILT_PRODUCTS_DIR; };
		C640A8FC2ACF840F002AA5B1 /* MeliTests.swift */ = {isa = PBXFileReference; lastKnownFileType = sourcecode.swift; path = MeliTests.swift; sourceTree = "<group>"; };
		C640A9022ACF840F002AA5B1 /* MeliUITests.xctest */ = {isa = PBXFileReference; explicitFileType = wrapper.cfbundle; includeInIndex = 0; path = MeliUITests.xctest; sourceTree = BUILT_PRODUCTS_DIR; };
		C640A9062ACF840F002AA5B1 /* MeliUITests.swift */ = {isa = PBXFileReference; lastKnownFileType = sourcecode.swift; path = MeliUITests.swift; sourceTree = "<group>"; };
		C640A9082ACF840F002AA5B1 /* MeliUITestsLaunchTests.swift */ = {isa = PBXFileReference; lastKnownFileType = sourcecode.swift; path = MeliUITestsLaunchTests.swift; sourceTree = "<group>"; };
		C640A91C2AD1C4A7002AA5B1 /* ProductListPageView.swift */ = {isa = PBXFileReference; lastKnownFileType = sourcecode.swift; path = ProductListPageView.swift; sourceTree = "<group>"; };
		C640A91F2AD1C6A3002AA5B1 /* ProductRemoteDTO.swift */ = {isa = PBXFileReference; lastKnownFileType = sourcecode.swift; path = ProductRemoteDTO.swift; sourceTree = "<group>"; };
		C640A9222AD1D5E4002AA5B1 /* Product.swift */ = {isa = PBXFileReference; lastKnownFileType = sourcecode.swift; path = Product.swift; sourceTree = "<group>"; };
		C640A9242AD1D672002AA5B1 /* ProductListRow.swift */ = {isa = PBXFileReference; lastKnownFileType = sourcecode.swift; path = ProductListRow.swift; sourceTree = "<group>"; };
		C640A92E2AD1E55A002AA5B1 /* Info.plist */ = {isa = PBXFileReference; lastKnownFileType = text.plist; path = Info.plist; sourceTree = "<group>"; };
		C640A9322AD1F4D1002AA5B1 /* ProductDetailPageView.swift */ = {isa = PBXFileReference; lastKnownFileType = sourcecode.swift; path = ProductDetailPageView.swift; sourceTree = "<group>"; };
		C640A9362AD303EC002AA5B1 /* SearchProductsUseCase.swift */ = {isa = PBXFileReference; lastKnownFileType = sourcecode.swift; path = SearchProductsUseCase.swift; sourceTree = "<group>"; };
		C640A9382AD30444002AA5B1 /* SearchProductsRepository.swift */ = {isa = PBXFileReference; lastKnownFileType = sourcecode.swift; path = SearchProductsRepository.swift; sourceTree = "<group>"; };
		C640A93B2AD30475002AA5B1 /* SearchProductsRepositoryRemoteImpl.swift */ = {isa = PBXFileReference; lastKnownFileType = sourcecode.swift; path = SearchProductsRepositoryRemoteImpl.swift; sourceTree = "<group>"; };
		C640A93E2AD338E2002AA5B1 /* SearchProductsRemoteMapper.swift */ = {isa = PBXFileReference; lastKnownFileType = sourcecode.swift; path = SearchProductsRemoteMapper.swift; sourceTree = "<group>"; };
		C640A9402AD33A41002AA5B1 /* HTTPClient.swift */ = {isa = PBXFileReference; lastKnownFileType = sourcecode.swift; path = HTTPClient.swift; sourceTree = "<group>"; };
		C640A9432AD33A90002AA5B1 /* URLSessionHTTPClient.swift */ = {isa = PBXFileReference; lastKnownFileType = sourcecode.swift; path = URLSessionHTTPClient.swift; sourceTree = "<group>"; };
		C640A9462AD33FBE002AA5B1 /* ProductListServiceLocator.swift */ = {isa = PBXFileReference; lastKnownFileType = sourcecode.swift; path = ProductListServiceLocator.swift; sourceTree = "<group>"; };
		C640A9482AD3402E002AA5B1 /* SearchProductsUseCaseImpl.swift */ = {isa = PBXFileReference; lastKnownFileType = sourcecode.swift; path = SearchProductsUseCaseImpl.swift; sourceTree = "<group>"; };
		C640A94B2AD34450002AA5B1 /* SearchProductsViewModel.swift */ = {isa = PBXFileReference; lastKnownFileType = sourcecode.swift; path = SearchProductsViewModel.swift; sourceTree = "<group>"; };
		C640A94D2AD34B0A002AA5B1 /* ProductListSearchResultRemoteDTO.swift */ = {isa = PBXFileReference; lastKnownFileType = sourcecode.swift; path = ProductListSearchResultRemoteDTO.swift; sourceTree = "<group>"; };
		C640A9572AD36B0E002AA5B1 /* Font+extension.swift */ = {isa = PBXFileReference; lastKnownFileType = sourcecode.swift; path = "Font+extension.swift"; sourceTree = "<group>"; };
		C640A9592AD36B29002AA5B1 /* ProximaNovaFont.swift */ = {isa = PBXFileReference; lastKnownFileType = sourcecode.swift; path = ProximaNovaFont.swift; sourceTree = "<group>"; };
		C640A9632AD37F42002AA5B1 /* proximanova-regular.ttf */ = {isa = PBXFileReference; lastKnownFileType = file; path = "proximanova-regular.ttf"; sourceTree = "<group>"; };
		C640A9642AD37F42002AA5B1 /* proximanova-light.ttf */ = {isa = PBXFileReference; lastKnownFileType = file; path = "proximanova-light.ttf"; sourceTree = "<group>"; };
		C640A9652AD37F42002AA5B1 /* proximanova-semibold.ttf */ = {isa = PBXFileReference; lastKnownFileType = file; path = "proximanova-semibold.ttf"; sourceTree = "<group>"; };
		C640A9692AD38227002AA5B1 /* proximanovasoft-medium.otf */ = {isa = PBXFileReference; lastKnownFileType = file; path = "proximanovasoft-medium.otf"; sourceTree = "<group>"; };
		C640A96B2AD382F5002AA5B1 /* proximanovasoft-regular.otf */ = {isa = PBXFileReference; lastKnownFileType = file; path = "proximanovasoft-regular.otf"; sourceTree = "<group>"; };
		C640A96D2AD397D4002AA5B1 /* RootContainer.swift */ = {isa = PBXFileReference; lastKnownFileType = sourcecode.swift; path = RootContainer.swift; sourceTree = "<group>"; };
		C640A9722AD3A274002AA5B1 /* ProductDetailViewModel.swift */ = {isa = PBXFileReference; lastKnownFileType = sourcecode.swift; path = ProductDetailViewModel.swift; sourceTree = "<group>"; };
		C640A9762AD3A2E9002AA5B1 /* GetProductDetailUseCase.swift */ = {isa = PBXFileReference; lastKnownFileType = sourcecode.swift; path = GetProductDetailUseCase.swift; sourceTree = "<group>"; };
		C640A9782AD3A32C002AA5B1 /* ProductDetailRepository.swift */ = {isa = PBXFileReference; lastKnownFileType = sourcecode.swift; path = ProductDetailRepository.swift; sourceTree = "<group>"; };
		C640A97B2AD3A35B002AA5B1 /* GetProductDetailUseCaseImpl.swift */ = {isa = PBXFileReference; lastKnownFileType = sourcecode.swift; path = GetProductDetailUseCaseImpl.swift; sourceTree = "<group>"; };
		C640A97E2AD3A442002AA5B1 /* ProductDetailRepositoryRemoteImpl.swift */ = {isa = PBXFileReference; lastKnownFileType = sourcecode.swift; path = ProductDetailRepositoryRemoteImpl.swift; sourceTree = "<group>"; };
		C640A9822AD3A4DC002AA5B1 /* ProductDetailRemoteDTO.swift */ = {isa = PBXFileReference; lastKnownFileType = sourcecode.swift; path = ProductDetailRemoteDTO.swift; sourceTree = "<group>"; };
		C640A9842AD3A852002AA5B1 /* ProductDetailRemoteMapper.swift */ = {isa = PBXFileReference; lastKnownFileType = sourcecode.swift; path = ProductDetailRemoteMapper.swift; sourceTree = "<group>"; };
		C640A9872AD3AB4D002AA5B1 /* ProductDetailServiceLocator.swift */ = {isa = PBXFileReference; lastKnownFileType = sourcecode.swift; path = ProductDetailServiceLocator.swift; sourceTree = "<group>"; };
		C699BDC82AD43CDD00A07C03 /* ProductDetailFeaturesView.swift */ = {isa = PBXFileReference; lastKnownFileType = sourcecode.swift; path = ProductDetailFeaturesView.swift; sourceTree = "<group>"; };
		C699BDCA2AD4553500A07C03 /* proximanova-regular-italic.otf */ = {isa = PBXFileReference; lastKnownFileType = file; path = "proximanova-regular-italic.otf"; sourceTree = "<group>"; };
		C699BDCC2AD45B5400A07C03 /* GetProductDescriptionUseCase.swift */ = {isa = PBXFileReference; lastKnownFileType = sourcecode.swift; path = GetProductDescriptionUseCase.swift; sourceTree = "<group>"; };
		C699BDCE2AD45B7800A07C03 /* GetProductDescriptionUseCaseImpl.swift */ = {isa = PBXFileReference; lastKnownFileType = sourcecode.swift; path = GetProductDescriptionUseCaseImpl.swift; sourceTree = "<group>"; };
		C699BDD02AD45D2700A07C03 /* ProductDetailDescriptionRemoteDTO.swift */ = {isa = PBXFileReference; lastKnownFileType = sourcecode.swift; path = ProductDetailDescriptionRemoteDTO.swift; sourceTree = "<group>"; };
		C699BDD22AD467AE00A07C03 /* ProductListEmptyView.swift */ = {isa = PBXFileReference; lastKnownFileType = sourcecode.swift; path = ProductListEmptyView.swift; sourceTree = "<group>"; };
		C699BDD42AD467C600A07C03 /* ProductListErrorView.swift */ = {isa = PBXFileReference; lastKnownFileType = sourcecode.swift; path = ProductListErrorView.swift; sourceTree = "<group>"; };
/* End PBXFileReference section */

/* Begin PBXFrameworksBuildPhase section */
		C640A8E52ACF840E002AA5B1 /* Frameworks */ = {
			isa = PBXFrameworksBuildPhase;
			buildActionMask = 2147483647;
			files = (
			);
			runOnlyForDeploymentPostprocessing = 0;
		};
		C640A8F52ACF840F002AA5B1 /* Frameworks */ = {
			isa = PBXFrameworksBuildPhase;
			buildActionMask = 2147483647;
			files = (
			);
			runOnlyForDeploymentPostprocessing = 0;
		};
		C640A8FF2ACF840F002AA5B1 /* Frameworks */ = {
			isa = PBXFrameworksBuildPhase;
			buildActionMask = 2147483647;
			files = (
			);
			runOnlyForDeploymentPostprocessing = 0;
		};
/* End PBXFrameworksBuildPhase section */

/* Begin PBXGroup section */
		C640A8DF2ACF840E002AA5B1 = {
			isa = PBXGroup;
			children = (
				C640A8EA2ACF840E002AA5B1 /* Meli */,
				C640A8FB2ACF840F002AA5B1 /* MeliTests */,
				C640A9052ACF840F002AA5B1 /* MeliUITests */,
				C640A8E92ACF840E002AA5B1 /* Products */,
			);
			sourceTree = "<group>";
		};
		C640A8E92ACF840E002AA5B1 /* Products */ = {
			isa = PBXGroup;
			children = (
				C640A8E82ACF840E002AA5B1 /* Meli.app */,
				C640A8F82ACF840F002AA5B1 /* MeliTests.xctest */,
				C640A9022ACF840F002AA5B1 /* MeliUITests.xctest */,
			);
			name = Products;
			sourceTree = "<group>";
		};
		C640A8EA2ACF840E002AA5B1 /* Meli */ = {
			isa = PBXGroup;
			children = (
				C640A8EF2ACF840F002AA5B1 /* Assets.xcassets */,
				C640A92E2AD1E55A002AA5B1 /* Info.plist */,
				C640A8EB2ACF840E002AA5B1 /* MeliApp.swift */,
				C640A9152AD1C459002AA5B1 /* Modules */,
				C640A8F12ACF840F002AA5B1 /* Preview Content */,
				C640A94F2AD36909002AA5B1 /* Supporting Files */,
				C640A9262AD1E06E002AA5B1 /* Utils */,
			);
			path = Meli;
			sourceTree = "<group>";
		};
		C640A8F12ACF840F002AA5B1 /* Preview Content */ = {
			isa = PBXGroup;
			children = (
				C640A8F22ACF840F002AA5B1 /* Preview Assets.xcassets */,
			);
			path = "Preview Content";
			sourceTree = "<group>";
		};
		C640A8FB2ACF840F002AA5B1 /* MeliTests */ = {
			isa = PBXGroup;
			children = (
				C640A8FC2ACF840F002AA5B1 /* MeliTests.swift */,
			);
			path = MeliTests;
			sourceTree = "<group>";
		};
		C640A9052ACF840F002AA5B1 /* MeliUITests */ = {
			isa = PBXGroup;
			children = (
				C640A9062ACF840F002AA5B1 /* MeliUITests.swift */,
				C640A9082ACF840F002AA5B1 /* MeliUITestsLaunchTests.swift */,
			);
			path = MeliUITests;
			sourceTree = "<group>";
		};
		C640A9152AD1C459002AA5B1 /* Modules */ = {
			isa = PBXGroup;
			children = (
				C640A96D2AD397D4002AA5B1 /* RootContainer.swift */,
				C640A9172AD1C469002AA5B1 /* ProductList */,
				C640A9182AD1C472002AA5B1 /* ProductDetail */,
			);
			path = Modules;
			sourceTree = "<group>";
		};
		C640A9172AD1C469002AA5B1 /* ProductList */ = {
			isa = PBXGroup;
			children = (
				C640A9192AD1C47F002AA5B1 /* Data */,
				C640A9452AD33FB0002AA5B1 /* DI */,
				C640A91A2AD1C484002AA5B1 /* Domain */,
				C640A91B2AD1C489002AA5B1 /* Presentation */,
			);
			path = ProductList;
			sourceTree = "<group>";
		};
		C640A9182AD1C472002AA5B1 /* ProductDetail */ = {
			isa = PBXGroup;
			children = (
				C640A9862AD3AB37002AA5B1 /* DI */,
				C640A96F2AD3A24D002AA5B1 /* Data */,
				C640A9702AD3A256002AA5B1 /* Domain */,
				C640A92F2AD1F480002AA5B1 /* Presentation */,
			);
			path = ProductDetail;
			sourceTree = "<group>";
		};
		C640A9192AD1C47F002AA5B1 /* Data */ = {
			isa = PBXGroup;
			children = (
				C640A9422AD33A84002AA5B1 /* DataSources */,
				C640A93D2AD338C5002AA5B1 /* Mappers */,
				C640A91E2AD1C689002AA5B1 /* Models */,
				C640A93A2AD30463002AA5B1 /* Repositories */,
			);
			path = Data;
			sourceTree = "<group>";
		};
		C640A91A2AD1C484002AA5B1 /* Domain */ = {
			isa = PBXGroup;
			children = (
				C640A9212AD1D5D9002AA5B1 /* Entities */,
				C640A9342AD2FD6D002AA5B1 /* Ports */,
				C640A9352AD303D3002AA5B1 /* UseCases */,
			);
			path = Domain;
			sourceTree = "<group>";
		};
		C640A91B2AD1C489002AA5B1 /* Presentation */ = {
			isa = PBXGroup;
			children = (
				C640A94A2AD34444002AA5B1 /* ViewModels */,
				C640A9312AD1F491002AA5B1 /* Views */,
			);
			path = Presentation;
			sourceTree = "<group>";
		};
		C640A91E2AD1C689002AA5B1 /* Models */ = {
			isa = PBXGroup;
			children = (
				C640A91F2AD1C6A3002AA5B1 /* ProductRemoteDTO.swift */,
				C640A94D2AD34B0A002AA5B1 /* ProductListSearchResultRemoteDTO.swift */,
			);
			path = Models;
			sourceTree = "<group>";
		};
		C640A9212AD1D5D9002AA5B1 /* Entities */ = {
			isa = PBXGroup;
			children = (
				C640A9222AD1D5E4002AA5B1 /* Product.swift */,
			);
			path = Entities;
			sourceTree = "<group>";
		};
		C640A9262AD1E06E002AA5B1 /* Utils */ = {
			isa = PBXGroup;
			children = (
				C640A9572AD36B0E002AA5B1 /* Font+extension.swift */,
			);
			path = Utils;
			sourceTree = "<group>";
		};
		C640A92F2AD1F480002AA5B1 /* Presentation */ = {
			isa = PBXGroup;
			children = (
				C640A9712AD3A260002AA5B1 /* ViewModels */,
				C640A9302AD1F488002AA5B1 /* Views */,
			);
			path = Presentation;
			sourceTree = "<group>";
		};
		C640A9302AD1F488002AA5B1 /* Views */ = {
			isa = PBXGroup;
			children = (
				C640A9322AD1F4D1002AA5B1 /* ProductDetailPageView.swift */,
				C699BDC82AD43CDD00A07C03 /* ProductDetailFeaturesView.swift */,
			);
			path = Views;
			sourceTree = "<group>";
		};
		C640A9312AD1F491002AA5B1 /* Views */ = {
			isa = PBXGroup;
			children = (
				C699BDD22AD467AE00A07C03 /* ProductListEmptyView.swift */,
				C699BDD42AD467C600A07C03 /* ProductListErrorView.swift */,
				C640A91C2AD1C4A7002AA5B1 /* ProductListPageView.swift */,
				C640A9242AD1D672002AA5B1 /* ProductListRow.swift */,
			);
			path = Views;
			sourceTree = "<group>";
		};
		C640A9342AD2FD6D002AA5B1 /* Ports */ = {
			isa = PBXGroup;
			children = (
				C640A9362AD303EC002AA5B1 /* SearchProductsUseCase.swift */,
				C640A9382AD30444002AA5B1 /* SearchProductsRepository.swift */,
			);
			path = Ports;
			sourceTree = "<group>";
		};
		C640A9352AD303D3002AA5B1 /* UseCases */ = {
			isa = PBXGroup;
			children = (
				C640A9482AD3402E002AA5B1 /* SearchProductsUseCaseImpl.swift */,
			);
			path = UseCases;
			sourceTree = "<group>";
		};
		C640A93A2AD30463002AA5B1 /* Repositories */ = {
			isa = PBXGroup;
			children = (
				C640A9402AD33A41002AA5B1 /* HTTPClient.swift */,
				C640A93B2AD30475002AA5B1 /* SearchProductsRepositoryRemoteImpl.swift */,
			);
			path = Repositories;
			sourceTree = "<group>";
		};
		C640A93D2AD338C5002AA5B1 /* Mappers */ = {
			isa = PBXGroup;
			children = (
				C640A93E2AD338E2002AA5B1 /* SearchProductsRemoteMapper.swift */,
			);
			path = Mappers;
			sourceTree = "<group>";
		};
		C640A9422AD33A84002AA5B1 /* DataSources */ = {
			isa = PBXGroup;
			children = (
				C640A9432AD33A90002AA5B1 /* URLSessionHTTPClient.swift */,
			);
			path = DataSources;
			sourceTree = "<group>";
		};
		C640A9452AD33FB0002AA5B1 /* DI */ = {
			isa = PBXGroup;
			children = (
				C640A9462AD33FBE002AA5B1 /* ProductListServiceLocator.swift */,
			);
			path = DI;
			sourceTree = "<group>";
		};
		C640A94A2AD34444002AA5B1 /* ViewModels */ = {
			isa = PBXGroup;
			children = (
				C640A94B2AD34450002AA5B1 /* SearchProductsViewModel.swift */,
			);
			path = ViewModels;
			sourceTree = "<group>";
		};
		C640A94F2AD36909002AA5B1 /* Supporting Files */ = {
			isa = PBXGroup;
			children = (
				C640A9502AD3691C002AA5B1 /* Fonts */,
			);
			path = "Supporting Files";
			sourceTree = "<group>";
		};
		C640A9502AD3691C002AA5B1 /* Fonts */ = {
			isa = PBXGroup;
			children = (
				C699BDCA2AD4553500A07C03 /* proximanova-regular-italic.otf */,
				C640A96B2AD382F5002AA5B1 /* proximanovasoft-regular.otf */,
				C640A9692AD38227002AA5B1 /* proximanovasoft-medium.otf */,
				C640A9642AD37F42002AA5B1 /* proximanova-light.ttf */,
				C640A9632AD37F42002AA5B1 /* proximanova-regular.ttf */,
				C640A9652AD37F42002AA5B1 /* proximanova-semibold.ttf */,
				C640A9592AD36B29002AA5B1 /* ProximaNovaFont.swift */,
			);
			path = Fonts;
			sourceTree = "<group>";
		};
		C640A96F2AD3A24D002AA5B1 /* Data */ = {
			isa = PBXGroup;
			children = (
				C640A9812AD3A4A1002AA5B1 /* Models */,
				C640A9802AD3A492002AA5B1 /* Mappers */,
				C640A97D2AD3A412002AA5B1 /* Repositories */,
			);
			path = Data;
			sourceTree = "<group>";
		};
		C640A9702AD3A256002AA5B1 /* Domain */ = {
			isa = PBXGroup;
			children = (
				C640A97A2AD3A33B002AA5B1 /* UseCases */,
				C640A9742AD3A2BD002AA5B1 /* Ports */,
			);
			path = Domain;
			sourceTree = "<group>";
		};
		C640A9712AD3A260002AA5B1 /* ViewModels */ = {
			isa = PBXGroup;
			children = (
				C640A9722AD3A274002AA5B1 /* ProductDetailViewModel.swift */,
			);
			path = ViewModels;
			sourceTree = "<group>";
		};
		C640A9742AD3A2BD002AA5B1 /* Ports */ = {
			isa = PBXGroup;
			children = (
				C640A9762AD3A2E9002AA5B1 /* GetProductDetailUseCase.swift */,
				C640A9782AD3A32C002AA5B1 /* ProductDetailRepository.swift */,
				C699BDCC2AD45B5400A07C03 /* GetProductDescriptionUseCase.swift */,
			);
			path = Ports;
			sourceTree = "<group>";
		};
		C640A97A2AD3A33B002AA5B1 /* UseCases */ = {
			isa = PBXGroup;
			children = (
				C640A97B2AD3A35B002AA5B1 /* GetProductDetailUseCaseImpl.swift */,
				C699BDCE2AD45B7800A07C03 /* GetProductDescriptionUseCaseImpl.swift */,
			);
			path = UseCases;
			sourceTree = "<group>";
		};
		C640A97D2AD3A412002AA5B1 /* Repositories */ = {
			isa = PBXGroup;
			children = (
				C640A97E2AD3A442002AA5B1 /* ProductDetailRepositoryRemoteImpl.swift */,
			);
			path = Repositories;
			sourceTree = "<group>";
		};
		C640A9802AD3A492002AA5B1 /* Mappers */ = {
			isa = PBXGroup;
			children = (
				C640A9842AD3A852002AA5B1 /* ProductDetailRemoteMapper.swift */,
			);
			path = Mappers;
			sourceTree = "<group>";
		};
		C640A9812AD3A4A1002AA5B1 /* Models */ = {
			isa = PBXGroup;
			children = (
				C640A9822AD3A4DC002AA5B1 /* ProductDetailRemoteDTO.swift */,
				C699BDD02AD45D2700A07C03 /* ProductDetailDescriptionRemoteDTO.swift */,
			);
			path = Models;
			sourceTree = "<group>";
		};
		C640A9862AD3AB37002AA5B1 /* DI */ = {
			isa = PBXGroup;
			children = (
				C640A9872AD3AB4D002AA5B1 /* ProductDetailServiceLocator.swift */,
			);
			path = DI;
			sourceTree = "<group>";
		};
/* End PBXGroup section */

/* Begin PBXNativeTarget section */
		C640A8E72ACF840E002AA5B1 /* Meli */ = {
			isa = PBXNativeTarget;
			buildConfigurationList = C640A90C2ACF840F002AA5B1 /* Build configuration list for PBXNativeTarget "Meli" */;
			buildPhases = (
				C640A8E42ACF840E002AA5B1 /* Sources */,
				C640A8E52ACF840E002AA5B1 /* Frameworks */,
				C640A8E62ACF840E002AA5B1 /* Resources */,
			);
			buildRules = (
			);
			dependencies = (
			);
			name = Meli;
			productName = Meli;
			productReference = C640A8E82ACF840E002AA5B1 /* Meli.app */;
			productType = "com.apple.product-type.application";
		};
		C640A8F72ACF840F002AA5B1 /* MeliTests */ = {
			isa = PBXNativeTarget;
			buildConfigurationList = C640A90F2ACF840F002AA5B1 /* Build configuration list for PBXNativeTarget "MeliTests" */;
			buildPhases = (
				C640A8F42ACF840F002AA5B1 /* Sources */,
				C640A8F52ACF840F002AA5B1 /* Frameworks */,
				C640A8F62ACF840F002AA5B1 /* Resources */,
			);
			buildRules = (
			);
			dependencies = (
				C640A8FA2ACF840F002AA5B1 /* PBXTargetDependency */,
			);
			name = MeliTests;
			productName = MeliTests;
			productReference = C640A8F82ACF840F002AA5B1 /* MeliTests.xctest */;
			productType = "com.apple.product-type.bundle.unit-test";
		};
		C640A9012ACF840F002AA5B1 /* MeliUITests */ = {
			isa = PBXNativeTarget;
			buildConfigurationList = C640A9122ACF840F002AA5B1 /* Build configuration list for PBXNativeTarget "MeliUITests" */;
			buildPhases = (
				C640A8FE2ACF840F002AA5B1 /* Sources */,
				C640A8FF2ACF840F002AA5B1 /* Frameworks */,
				C640A9002ACF840F002AA5B1 /* Resources */,
			);
			buildRules = (
			);
			dependencies = (
				C640A9042ACF840F002AA5B1 /* PBXTargetDependency */,
			);
			name = MeliUITests;
			productName = MeliUITests;
			productReference = C640A9022ACF840F002AA5B1 /* MeliUITests.xctest */;
			productType = "com.apple.product-type.bundle.ui-testing";
		};
/* End PBXNativeTarget section */

/* Begin PBXProject section */
		C640A8E02ACF840E002AA5B1 /* Project object */ = {
			isa = PBXProject;
			attributes = {
				BuildIndependentTargetsInParallel = 1;
				LastSwiftUpdateCheck = 1500;
				LastUpgradeCheck = 1500;
				TargetAttributes = {
					C640A8E72ACF840E002AA5B1 = {
						CreatedOnToolsVersion = 15.0;
					};
					C640A8F72ACF840F002AA5B1 = {
						CreatedOnToolsVersion = 15.0;
						TestTargetID = C640A8E72ACF840E002AA5B1;
					};
					C640A9012ACF840F002AA5B1 = {
						CreatedOnToolsVersion = 15.0;
						TestTargetID = C640A8E72ACF840E002AA5B1;
					};
				};
			};
			buildConfigurationList = C640A8E32ACF840E002AA5B1 /* Build configuration list for PBXProject "Meli" */;
			compatibilityVersion = "Xcode 14.0";
			developmentRegion = en;
			hasScannedForEncodings = 0;
			knownRegions = (
				en,
				Base,
			);
			mainGroup = C640A8DF2ACF840E002AA5B1;
			productRefGroup = C640A8E92ACF840E002AA5B1 /* Products */;
			projectDirPath = "";
			projectRoot = "";
			targets = (
				C640A8E72ACF840E002AA5B1 /* Meli */,
				C640A8F72ACF840F002AA5B1 /* MeliTests */,
				C640A9012ACF840F002AA5B1 /* MeliUITests */,
			);
		};
/* End PBXProject section */

/* Begin PBXResourcesBuildPhase section */
		C640A8E62ACF840E002AA5B1 /* Resources */ = {
			isa = PBXResourcesBuildPhase;
			buildActionMask = 2147483647;
			files = (
				C640A8F32ACF840F002AA5B1 /* Preview Assets.xcassets in Resources */,
				C640A96C2AD382F5002AA5B1 /* proximanovasoft-regular.otf in Resources */,
				C640A9682AD37F42002AA5B1 /* proximanova-semibold.ttf in Resources */,
				C699BDCB2AD4553500A07C03 /* proximanova-regular-italic.otf in Resources */,
				C640A9662AD37F42002AA5B1 /* proximanova-regular.ttf in Resources */,
				C640A96A2AD38227002AA5B1 /* proximanovasoft-medium.otf in Resources */,
				C640A9672AD37F42002AA5B1 /* proximanova-light.ttf in Resources */,
				C640A8F02ACF840F002AA5B1 /* Assets.xcassets in Resources */,
			);
			runOnlyForDeploymentPostprocessing = 0;
		};
		C640A8F62ACF840F002AA5B1 /* Resources */ = {
			isa = PBXResourcesBuildPhase;
			buildActionMask = 2147483647;
			files = (
			);
			runOnlyForDeploymentPostprocessing = 0;
		};
		C640A9002ACF840F002AA5B1 /* Resources */ = {
			isa = PBXResourcesBuildPhase;
			buildActionMask = 2147483647;
			files = (
			);
			runOnlyForDeploymentPostprocessing = 0;
		};
/* End PBXResourcesBuildPhase section */

/* Begin PBXSourcesBuildPhase section */
		C640A8E42ACF840E002AA5B1 /* Sources */ = {
			isa = PBXSourcesBuildPhase;
			buildActionMask = 2147483647;
			files = (
				C640A93F2AD338E2002AA5B1 /* SearchProductsRemoteMapper.swift in Sources */,
				C640A94E2AD34B0A002AA5B1 /* ProductListSearchResultRemoteDTO.swift in Sources */,
				C699BDCD2AD45B5400A07C03 /* GetProductDescriptionUseCase.swift in Sources */,
				C640A9792AD3A32C002AA5B1 /* ProductDetailRepository.swift in Sources */,
				C640A9472AD33FBE002AA5B1 /* ProductListServiceLocator.swift in Sources */,
				C640A9732AD3A274002AA5B1 /* ProductDetailViewModel.swift in Sources */,
				C640A9412AD33A41002AA5B1 /* HTTPClient.swift in Sources */,
				C699BDCF2AD45B7800A07C03 /* GetProductDescriptionUseCaseImpl.swift in Sources */,
				C640A96E2AD397D4002AA5B1 /* RootContainer.swift in Sources */,
				C640A9372AD303EC002AA5B1 /* SearchProductsUseCase.swift in Sources */,
				C640A9202AD1C6A3002AA5B1 /* ProductRemoteDTO.swift in Sources */,
				C640A9492AD3402E002AA5B1 /* SearchProductsUseCaseImpl.swift in Sources */,
				C640A9772AD3A2E9002AA5B1 /* GetProductDetailUseCase.swift in Sources */,
				C640A95A2AD36B29002AA5B1 /* ProximaNovaFont.swift in Sources */,
				C640A93C2AD30475002AA5B1 /* SearchProductsRepositoryRemoteImpl.swift in Sources */,
				C640A9442AD33A90002AA5B1 /* URLSessionHTTPClient.swift in Sources */,
				C640A9252AD1D672002AA5B1 /* ProductListRow.swift in Sources */,
				C640A9852AD3A852002AA5B1 /* ProductDetailRemoteMapper.swift in Sources */,
				C699BDD12AD45D2700A07C03 /* ProductDetailDescriptionRemoteDTO.swift in Sources */,
				C640A9392AD30444002AA5B1 /* SearchProductsRepository.swift in Sources */,
				C640A9232AD1D5E4002AA5B1 /* Product.swift in Sources */,
				C699BDD52AD467C600A07C03 /* ProductListErrorView.swift in Sources */,
				C640A91D2AD1C4A7002AA5B1 /* ProductListPageView.swift in Sources */,
				C640A9832AD3A4DC002AA5B1 /* ProductDetailRemoteDTO.swift in Sources */,
				C640A9582AD36B0E002AA5B1 /* Font+extension.swift in Sources */,
				C640A9882AD3AB4D002AA5B1 /* ProductDetailServiceLocator.swift in Sources */,
				C640A8EC2ACF840E002AA5B1 /* MeliApp.swift in Sources */,
				C640A97F2AD3A442002AA5B1 /* ProductDetailRepositoryRemoteImpl.swift in Sources */,
				C699BDC92AD43CDD00A07C03 /* ProductDetailFeaturesView.swift in Sources */,
				C699BDD32AD467AE00A07C03 /* ProductListEmptyView.swift in Sources */,
				C640A94C2AD34450002AA5B1 /* SearchProductsViewModel.swift in Sources */,
				C640A97C2AD3A35B002AA5B1 /* GetProductDetailUseCaseImpl.swift in Sources */,
				C640A9332AD1F4D1002AA5B1 /* ProductDetailPageView.swift in Sources */,
			);
			runOnlyForDeploymentPostprocessing = 0;
		};
		C640A8F42ACF840F002AA5B1 /* Sources */ = {
			isa = PBXSourcesBuildPhase;
			buildActionMask = 2147483647;
			files = (
				C640A8FD2ACF840F002AA5B1 /* MeliTests.swift in Sources */,
			);
			runOnlyForDeploymentPostprocessing = 0;
		};
		C640A8FE2ACF840F002AA5B1 /* Sources */ = {
			isa = PBXSourcesBuildPhase;
			buildActionMask = 2147483647;
			files = (
				C640A9072ACF840F002AA5B1 /* MeliUITests.swift in Sources */,
				C640A9092ACF840F002AA5B1 /* MeliUITestsLaunchTests.swift in Sources */,
			);
			runOnlyForDeploymentPostprocessing = 0;
		};
/* End PBXSourcesBuildPhase section */

/* Begin PBXTargetDependency section */
		C640A8FA2ACF840F002AA5B1 /* PBXTargetDependency */ = {
			isa = PBXTargetDependency;
			target = C640A8E72ACF840E002AA5B1 /* Meli */;
			targetProxy = C640A8F92ACF840F002AA5B1 /* PBXContainerItemProxy */;
		};
		C640A9042ACF840F002AA5B1 /* PBXTargetDependency */ = {
			isa = PBXTargetDependency;
			target = C640A8E72ACF840E002AA5B1 /* Meli */;
			targetProxy = C640A9032ACF840F002AA5B1 /* PBXContainerItemProxy */;
		};
/* End PBXTargetDependency section */

/* Begin XCBuildConfiguration section */
		C640A90A2ACF840F002AA5B1 /* Debug */ = {
			isa = XCBuildConfiguration;
			buildSettings = {
				ALWAYS_SEARCH_USER_PATHS = NO;
				ASSETCATALOG_COMPILER_GENERATE_SWIFT_ASSET_SYMBOL_EXTENSIONS = YES;
				CLANG_ANALYZER_NONNULL = YES;
				CLANG_ANALYZER_NUMBER_OBJECT_CONVERSION = YES_AGGRESSIVE;
				CLANG_CXX_LANGUAGE_STANDARD = "gnu++20";
				CLANG_ENABLE_MODULES = YES;
				CLANG_ENABLE_OBJC_ARC = YES;
				CLANG_ENABLE_OBJC_WEAK = YES;
				CLANG_WARN_BLOCK_CAPTURE_AUTORELEASING = YES;
				CLANG_WARN_BOOL_CONVERSION = YES;
				CLANG_WARN_COMMA = YES;
				CLANG_WARN_CONSTANT_CONVERSION = YES;
				CLANG_WARN_DEPRECATED_OBJC_IMPLEMENTATIONS = YES;
				CLANG_WARN_DIRECT_OBJC_ISA_USAGE = YES_ERROR;
				CLANG_WARN_DOCUMENTATION_COMMENTS = YES;
				CLANG_WARN_EMPTY_BODY = YES;
				CLANG_WARN_ENUM_CONVERSION = YES;
				CLANG_WARN_INFINITE_RECURSION = YES;
				CLANG_WARN_INT_CONVERSION = YES;
				CLANG_WARN_NON_LITERAL_NULL_CONVERSION = YES;
				CLANG_WARN_OBJC_IMPLICIT_RETAIN_SELF = YES;
				CLANG_WARN_OBJC_LITERAL_CONVERSION = YES;
				CLANG_WARN_OBJC_ROOT_CLASS = YES_ERROR;
				CLANG_WARN_QUOTED_INCLUDE_IN_FRAMEWORK_HEADER = YES;
				CLANG_WARN_RANGE_LOOP_ANALYSIS = YES;
				CLANG_WARN_STRICT_PROTOTYPES = YES;
				CLANG_WARN_SUSPICIOUS_MOVE = YES;
				CLANG_WARN_UNGUARDED_AVAILABILITY = YES_AGGRESSIVE;
				CLANG_WARN_UNREACHABLE_CODE = YES;
				CLANG_WARN__DUPLICATE_METHOD_MATCH = YES;
				COPY_PHASE_STRIP = NO;
				DEBUG_INFORMATION_FORMAT = dwarf;
				ENABLE_STRICT_OBJC_MSGSEND = YES;
				ENABLE_TESTABILITY = YES;
				ENABLE_USER_SCRIPT_SANDBOXING = YES;
				GCC_C_LANGUAGE_STANDARD = gnu17;
				GCC_DYNAMIC_NO_PIC = NO;
				GCC_NO_COMMON_BLOCKS = YES;
				GCC_OPTIMIZATION_LEVEL = 0;
				GCC_PREPROCESSOR_DEFINITIONS = (
					"DEBUG=1",
					"$(inherited)",
				);
				GCC_WARN_64_TO_32_BIT_CONVERSION = YES;
				GCC_WARN_ABOUT_RETURN_TYPE = YES_ERROR;
				GCC_WARN_UNDECLARED_SELECTOR = YES;
				GCC_WARN_UNINITIALIZED_AUTOS = YES_AGGRESSIVE;
				GCC_WARN_UNUSED_FUNCTION = YES;
				GCC_WARN_UNUSED_VARIABLE = YES;
				IPHONEOS_DEPLOYMENT_TARGET = 17.0;
				LOCALIZATION_PREFERS_STRING_CATALOGS = YES;
				MTL_ENABLE_DEBUG_INFO = INCLUDE_SOURCE;
				MTL_FAST_MATH = YES;
				ONLY_ACTIVE_ARCH = YES;
				SDKROOT = iphoneos;
				SWIFT_ACTIVE_COMPILATION_CONDITIONS = "DEBUG $(inherited)";
				SWIFT_OPTIMIZATION_LEVEL = "-Onone";
			};
			name = Debug;
		};
		C640A90B2ACF840F002AA5B1 /* Release */ = {
			isa = XCBuildConfiguration;
			buildSettings = {
				ALWAYS_SEARCH_USER_PATHS = NO;
				ASSETCATALOG_COMPILER_GENERATE_SWIFT_ASSET_SYMBOL_EXTENSIONS = YES;
				CLANG_ANALYZER_NONNULL = YES;
				CLANG_ANALYZER_NUMBER_OBJECT_CONVERSION = YES_AGGRESSIVE;
				CLANG_CXX_LANGUAGE_STANDARD = "gnu++20";
				CLANG_ENABLE_MODULES = YES;
				CLANG_ENABLE_OBJC_ARC = YES;
				CLANG_ENABLE_OBJC_WEAK = YES;
				CLANG_WARN_BLOCK_CAPTURE_AUTORELEASING = YES;
				CLANG_WARN_BOOL_CONVERSION = YES;
				CLANG_WARN_COMMA = YES;
				CLANG_WARN_CONSTANT_CONVERSION = YES;
				CLANG_WARN_DEPRECATED_OBJC_IMPLEMENTATIONS = YES;
				CLANG_WARN_DIRECT_OBJC_ISA_USAGE = YES_ERROR;
				CLANG_WARN_DOCUMENTATION_COMMENTS = YES;
				CLANG_WARN_EMPTY_BODY = YES;
				CLANG_WARN_ENUM_CONVERSION = YES;
				CLANG_WARN_INFINITE_RECURSION = YES;
				CLANG_WARN_INT_CONVERSION = YES;
				CLANG_WARN_NON_LITERAL_NULL_CONVERSION = YES;
				CLANG_WARN_OBJC_IMPLICIT_RETAIN_SELF = YES;
				CLANG_WARN_OBJC_LITERAL_CONVERSION = YES;
				CLANG_WARN_OBJC_ROOT_CLASS = YES_ERROR;
				CLANG_WARN_QUOTED_INCLUDE_IN_FRAMEWORK_HEADER = YES;
				CLANG_WARN_RANGE_LOOP_ANALYSIS = YES;
				CLANG_WARN_STRICT_PROTOTYPES = YES;
				CLANG_WARN_SUSPICIOUS_MOVE = YES;
				CLANG_WARN_UNGUARDED_AVAILABILITY = YES_AGGRESSIVE;
				CLANG_WARN_UNREACHABLE_CODE = YES;
				CLANG_WARN__DUPLICATE_METHOD_MATCH = YES;
				COPY_PHASE_STRIP = NO;
				DEBUG_INFORMATION_FORMAT = "dwarf-with-dsym";
				ENABLE_NS_ASSERTIONS = NO;
				ENABLE_STRICT_OBJC_MSGSEND = YES;
				ENABLE_USER_SCRIPT_SANDBOXING = YES;
				GCC_C_LANGUAGE_STANDARD = gnu17;
				GCC_NO_COMMON_BLOCKS = YES;
				GCC_WARN_64_TO_32_BIT_CONVERSION = YES;
				GCC_WARN_ABOUT_RETURN_TYPE = YES_ERROR;
				GCC_WARN_UNDECLARED_SELECTOR = YES;
				GCC_WARN_UNINITIALIZED_AUTOS = YES_AGGRESSIVE;
				GCC_WARN_UNUSED_FUNCTION = YES;
				GCC_WARN_UNUSED_VARIABLE = YES;
				IPHONEOS_DEPLOYMENT_TARGET = 17.0;
				LOCALIZATION_PREFERS_STRING_CATALOGS = YES;
				MTL_ENABLE_DEBUG_INFO = NO;
				MTL_FAST_MATH = YES;
				SDKROOT = iphoneos;
				SWIFT_COMPILATION_MODE = wholemodule;
				VALIDATE_PRODUCT = YES;
			};
			name = Release;
		};
		C640A90D2ACF840F002AA5B1 /* Debug */ = {
			isa = XCBuildConfiguration;
			buildSettings = {
				ASSETCATALOG_COMPILER_APPICON_NAME = AppIcon;
				ASSETCATALOG_COMPILER_GLOBAL_ACCENT_COLOR_NAME = AccentColor;
				CODE_SIGN_IDENTITY = "Apple Development";
				CODE_SIGN_STYLE = Automatic;
				CURRENT_PROJECT_VERSION = 1;
				DEVELOPMENT_ASSET_PATHS = "\"Meli/Preview Content\"";
				DEVELOPMENT_TEAM = MWN22WZZ3Z;
				ENABLE_PREVIEWS = YES;
				GENERATE_INFOPLIST_FILE = YES;
				INFOPLIST_FILE = Meli/Info.plist;
				INFOPLIST_KEY_UIApplicationSceneManifest_Generation = YES;
				INFOPLIST_KEY_UIApplicationSupportsIndirectInputEvents = YES;
				INFOPLIST_KEY_UILaunchScreen_Generation = YES;
				INFOPLIST_KEY_UISupportedInterfaceOrientations_iPad = "UIInterfaceOrientationPortrait UIInterfaceOrientationPortraitUpsideDown UIInterfaceOrientationLandscapeLeft UIInterfaceOrientationLandscapeRight";
				INFOPLIST_KEY_UISupportedInterfaceOrientations_iPhone = "UIInterfaceOrientationPortrait UIInterfaceOrientationLandscapeLeft UIInterfaceOrientationLandscapeRight";
				IPHONEOS_DEPLOYMENT_TARGET = 16.4;
				LD_RUNPATH_SEARCH_PATHS = (
					"$(inherited)",
					"@executable_path/Frameworks",
				);
				MARKETING_VERSION = 1.0;
				PRODUCT_BUNDLE_IDENTIFIER = com.rastorga.Meli;
				PRODUCT_NAME = "$(TARGET_NAME)";
				PROVISIONING_PROFILE_SPECIFIER = "";
				SWIFT_EMIT_LOC_STRINGS = YES;
				SWIFT_VERSION = 5.0;
				TARGETED_DEVICE_FAMILY = "1,2";
			};
			name = Debug;
		};
		C640A90E2ACF840F002AA5B1 /* Release */ = {
			isa = XCBuildConfiguration;
			buildSettings = {
				ASSETCATALOG_COMPILER_APPICON_NAME = AppIcon;
				ASSETCATALOG_COMPILER_GLOBAL_ACCENT_COLOR_NAME = AccentColor;
				CODE_SIGN_IDENTITY = "Apple Development";
				CODE_SIGN_STYLE = Automatic;
				CURRENT_PROJECT_VERSION = 1;
				DEVELOPMENT_ASSET_PATHS = "\"Meli/Preview Content\"";
				DEVELOPMENT_TEAM = MWN22WZZ3Z;
				ENABLE_PREVIEWS = YES;
				GENERATE_INFOPLIST_FILE = YES;
				INFOPLIST_FILE = Meli/Info.plist;
				INFOPLIST_KEY_UIApplicationSceneManifest_Generation = YES;
				INFOPLIST_KEY_UIApplicationSupportsIndirectInputEvents = YES;
				INFOPLIST_KEY_UILaunchScreen_Generation = YES;
				INFOPLIST_KEY_UISupportedInterfaceOrientations_iPad = "UIInterfaceOrientationPortrait UIInterfaceOrientationPortraitUpsideDown UIInterfaceOrientationLandscapeLeft UIInterfaceOrientationLandscapeRight";
				INFOPLIST_KEY_UISupportedInterfaceOrientations_iPhone = "UIInterfaceOrientationPortrait UIInterfaceOrientationLandscapeLeft UIInterfaceOrientationLandscapeRight";
				IPHONEOS_DEPLOYMENT_TARGET = 16.4;
				LD_RUNPATH_SEARCH_PATHS = (
					"$(inherited)",
					"@executable_path/Frameworks",
				);
				MARKETING_VERSION = 1.0;
				PRODUCT_BUNDLE_IDENTIFIER = com.rastorga.Meli;
				PRODUCT_NAME = "$(TARGET_NAME)";
				PROVISIONING_PROFILE_SPECIFIER = "";
				SWIFT_EMIT_LOC_STRINGS = YES;
				SWIFT_VERSION = 5.0;
				TARGETED_DEVICE_FAMILY = "1,2";
			};
			name = Release;
		};
		C640A9102ACF840F002AA5B1 /* Debug */ = {
			isa = XCBuildConfiguration;
			buildSettings = {
				ALWAYS_EMBED_SWIFT_STANDARD_LIBRARIES = YES;
				BUNDLE_LOADER = "$(TEST_HOST)";
				CODE_SIGN_STYLE = Automatic;
				CURRENT_PROJECT_VERSION = 1;
				DEVELOPMENT_TEAM = 7G4VS94BQR;
				GENERATE_INFOPLIST_FILE = YES;
				IPHONEOS_DEPLOYMENT_TARGET = 17.0;
				MARKETING_VERSION = 1.0;
				PRODUCT_BUNDLE_IDENTIFIER = com.rastorga.MeliTests;
				PRODUCT_NAME = "$(TARGET_NAME)";
				SWIFT_EMIT_LOC_STRINGS = NO;
				SWIFT_VERSION = 5.0;
				TARGETED_DEVICE_FAMILY = "1,2";
				TEST_HOST = "$(BUILT_PRODUCTS_DIR)/Meli.app/$(BUNDLE_EXECUTABLE_FOLDER_PATH)/Meli";
			};
			name = Debug;
		};
		C640A9112ACF840F002AA5B1 /* Release */ = {
			isa = XCBuildConfiguration;
			buildSettings = {
				ALWAYS_EMBED_SWIFT_STANDARD_LIBRARIES = YES;
				BUNDLE_LOADER = "$(TEST_HOST)";
				CODE_SIGN_STYLE = Automatic;
				CURRENT_PROJECT_VERSION = 1;
				DEVELOPMENT_TEAM = 7G4VS94BQR;
				GENERATE_INFOPLIST_FILE = YES;
				IPHONEOS_DEPLOYMENT_TARGET = 17.0;
				MARKETING_VERSION = 1.0;
				PRODUCT_BUNDLE_IDENTIFIER = com.rastorga.MeliTests;
				PRODUCT_NAME = "$(TARGET_NAME)";
				SWIFT_EMIT_LOC_STRINGS = NO;
				SWIFT_VERSION = 5.0;
				TARGETED_DEVICE_FAMILY = "1,2";
				TEST_HOST = "$(BUILT_PRODUCTS_DIR)/Meli.app/$(BUNDLE_EXECUTABLE_FOLDER_PATH)/Meli";
			};
			name = Release;
		};
		C640A9132ACF840F002AA5B1 /* Debug */ = {
			isa = XCBuildConfiguration;
			buildSettings = {
				ALWAYS_EMBED_SWIFT_STANDARD_LIBRARIES = YES;
				CODE_SIGN_STYLE = Automatic;
				CURRENT_PROJECT_VERSION = 1;
				DEVELOPMENT_TEAM = 7G4VS94BQR;
				GENERATE_INFOPLIST_FILE = YES;
				MARKETING_VERSION = 1.0;
				PRODUCT_BUNDLE_IDENTIFIER = com.rastorga.MeliUITests;
				PRODUCT_NAME = "$(TARGET_NAME)";
				SWIFT_EMIT_LOC_STRINGS = NO;
				SWIFT_VERSION = 5.0;
				TARGETED_DEVICE_FAMILY = "1,2";
				TEST_TARGET_NAME = Meli;
			};
			name = Debug;
		};
		C640A9142ACF840F002AA5B1 /* Release */ = {
			isa = XCBuildConfiguration;
			buildSettings = {
				ALWAYS_EMBED_SWIFT_STANDARD_LIBRARIES = YES;
				CODE_SIGN_STYLE = Automatic;
				CURRENT_PROJECT_VERSION = 1;
				DEVELOPMENT_TEAM = 7G4VS94BQR;
				GENERATE_INFOPLIST_FILE = YES;
				MARKETING_VERSION = 1.0;
				PRODUCT_BUNDLE_IDENTIFIER = com.rastorga.MeliUITests;
				PRODUCT_NAME = "$(TARGET_NAME)";
				SWIFT_EMIT_LOC_STRINGS = NO;
				SWIFT_VERSION = 5.0;
				TARGETED_DEVICE_FAMILY = "1,2";
				TEST_TARGET_NAME = Meli;
			};
			name = Release;
		};
/* End XCBuildConfiguration section */

/* Begin XCConfigurationList section */
		C640A8E32ACF840E002AA5B1 /* Build configuration list for PBXProject "Meli" */ = {
			isa = XCConfigurationList;
			buildConfigurations = (
				C640A90A2ACF840F002AA5B1 /* Debug */,
				C640A90B2ACF840F002AA5B1 /* Release */,
			);
			defaultConfigurationIsVisible = 0;
			defaultConfigurationName = Release;
		};
		C640A90C2ACF840F002AA5B1 /* Build configuration list for PBXNativeTarget "Meli" */ = {
			isa = XCConfigurationList;
			buildConfigurations = (
				C640A90D2ACF840F002AA5B1 /* Debug */,
				C640A90E2ACF840F002AA5B1 /* Release */,
			);
			defaultConfigurationIsVisible = 0;
			defaultConfigurationName = Release;
		};
		C640A90F2ACF840F002AA5B1 /* Build configuration list for PBXNativeTarget "MeliTests" */ = {
			isa = XCConfigurationList;
			buildConfigurations = (
				C640A9102ACF840F002AA5B1 /* Debug */,
				C640A9112ACF840F002AA5B1 /* Release */,
			);
			defaultConfigurationIsVisible = 0;
			defaultConfigurationName = Release;
		};
		C640A9122ACF840F002AA5B1 /* Build configuration list for PBXNativeTarget "MeliUITests" */ = {
			isa = XCConfigurationList;
			buildConfigurations = (
				C640A9132ACF840F002AA5B1 /* Debug */,
				C640A9142ACF840F002AA5B1 /* Release */,
			);
			defaultConfigurationIsVisible = 0;
			defaultConfigurationName = Release;
		};
/* End XCConfigurationList section */
	};
	rootObject = C640A8E02ACF840E002AA5B1 /* Project object */;
}
